// !$*UTF8*$!
{
	archiveVersion = 1;
	classes = {
	};
	objectVersion = 50;
	objects = {

/* Begin PBXBuildFile section */
		00E04FED265FF3A600501E16 /* ContinuesIntegrationExpApp.swift in Sources */ = {isa = PBXBuildFile; fileRef = 00E04FEC265FF3A600501E16 /* ContinuesIntegrationExpApp.swift */; };
		00E04FEF265FF3A600501E16 /* ContentView.swift in Sources */ = {isa = PBXBuildFile; fileRef = 00E04FEE265FF3A600501E16 /* ContentView.swift */; };
		00E04FF1265FF3AB00501E16 /* Assets.xcassets in Resources */ = {isa = PBXBuildFile; fileRef = 00E04FF0265FF3AB00501E16 /* Assets.xcassets */; };
		00E04FF4265FF3AB00501E16 /* Preview Assets.xcassets in Resources */ = {isa = PBXBuildFile; fileRef = 00E04FF3265FF3AB00501E16 /* Preview Assets.xcassets */; };
		00E04FFF265FF3AB00501E16 /* ContinuesIntegrationExpTests.swift in Sources */ = {isa = PBXBuildFile; fileRef = 00E04FFE265FF3AB00501E16 /* ContinuesIntegrationExpTests.swift */; };
		00E0500A265FF3AB00501E16 /* ContinuesIntegrationExpUITests.swift in Sources */ = {isa = PBXBuildFile; fileRef = 00E05009265FF3AB00501E16 /* ContinuesIntegrationExpUITests.swift */; };
/* End PBXBuildFile section */

/* Begin PBXContainerItemProxy section */
		00E04FFB265FF3AB00501E16 /* PBXContainerItemProxy */ = {
			isa = PBXContainerItemProxy;
			containerPortal = 00E04FE1265FF3A600501E16 /* Project object */;
			proxyType = 1;
			remoteGlobalIDString = 00E04FE8265FF3A600501E16;
			remoteInfo = ContinuesIntegrationExp;
		};
		00E05006265FF3AB00501E16 /* PBXContainerItemProxy */ = {
			isa = PBXContainerItemProxy;
			containerPortal = 00E04FE1265FF3A600501E16 /* Project object */;
			proxyType = 1;
			remoteGlobalIDString = 00E04FE8265FF3A600501E16;
			remoteInfo = ContinuesIntegrationExp;
		};
/* End PBXContainerItemProxy section */

/* Begin PBXFileReference section */
		00E04FE9265FF3A600501E16 /* ContinuesIntegrationExp.app */ = {isa = PBXFileReference; explicitFileType = wrapper.application; includeInIndex = 0; path = ContinuesIntegrationExp.app; sourceTree = BUILT_PRODUCTS_DIR; };
		00E04FEC265FF3A600501E16 /* ContinuesIntegrationExpApp.swift */ = {isa = PBXFileReference; lastKnownFileType = sourcecode.swift; path = ContinuesIntegrationExpApp.swift; sourceTree = "<group>"; };
		00E04FEE265FF3A600501E16 /* ContentView.swift */ = {isa = PBXFileReference; lastKnownFileType = sourcecode.swift; path = ContentView.swift; sourceTree = "<group>"; };
		00E04FF0265FF3AB00501E16 /* Assets.xcassets */ = {isa = PBXFileReference; lastKnownFileType = folder.assetcatalog; path = Assets.xcassets; sourceTree = "<group>"; };
		00E04FF3265FF3AB00501E16 /* Preview Assets.xcassets */ = {isa = PBXFileReference; lastKnownFileType = folder.assetcatalog; path = "Preview Assets.xcassets"; sourceTree = "<group>"; };
		00E04FF5265FF3AB00501E16 /* Info.plist */ = {isa = PBXFileReference; lastKnownFileType = text.plist.xml; path = Info.plist; sourceTree = "<group>"; };
		00E04FFA265FF3AB00501E16 /* ContinuesIntegrationExpTests.xctest */ = {isa = PBXFileReference; explicitFileType = wrapper.cfbundle; includeInIndex = 0; path = ContinuesIntegrationExpTests.xctest; sourceTree = BUILT_PRODUCTS_DIR; };
		00E04FFE265FF3AB00501E16 /* ContinuesIntegrationExpTests.swift */ = {isa = PBXFileReference; lastKnownFileType = sourcecode.swift; path = ContinuesIntegrationExpTests.swift; sourceTree = "<group>"; };
		00E05000265FF3AB00501E16 /* Info.plist */ = {isa = PBXFileReference; lastKnownFileType = text.plist.xml; path = Info.plist; sourceTree = "<group>"; };
		00E05005265FF3AB00501E16 /* ContinuesIntegrationExpUITests.xctest */ = {isa = PBXFileReference; explicitFileType = wrapper.cfbundle; includeInIndex = 0; path = ContinuesIntegrationExpUITests.xctest; sourceTree = BUILT_PRODUCTS_DIR; };
		00E05009265FF3AB00501E16 /* ContinuesIntegrationExpUITests.swift */ = {isa = PBXFileReference; lastKnownFileType = sourcecode.swift; path = ContinuesIntegrationExpUITests.swift; sourceTree = "<group>"; };
		00E0500B265FF3AB00501E16 /* Info.plist */ = {isa = PBXFileReference; lastKnownFileType = text.plist.xml; path = Info.plist; sourceTree = "<group>"; };
/* End PBXFileReference section */

/* Begin PBXFrameworksBuildPhase section */
		00E04FE6265FF3A600501E16 /* Frameworks */ = {
			isa = PBXFrameworksBuildPhase;
			buildActionMask = 2147483647;
			files = (
			);
			runOnlyForDeploymentPostprocessing = 0;
		};
		00E04FF7265FF3AB00501E16 /* Frameworks */ = {
			isa = PBXFrameworksBuildPhase;
			buildActionMask = 2147483647;
			files = (
			);
			runOnlyForDeploymentPostprocessing = 0;
		};
		00E05002265FF3AB00501E16 /* Frameworks */ = {
			isa = PBXFrameworksBuildPhase;
			buildActionMask = 2147483647;
			files = (
			);
			runOnlyForDeploymentPostprocessing = 0;
		};
/* End PBXFrameworksBuildPhase section */

/* Begin PBXGroup section */
		00E04FE0265FF3A600501E16 = {
			isa = PBXGroup;
			children = (
				00E04FEB265FF3A600501E16 /* ContinuesIntegrationExp */,
				00E04FFD265FF3AB00501E16 /* ContinuesIntegrationExpTests */,
				00E05008265FF3AB00501E16 /* ContinuesIntegrationExpUITests */,
				00E04FEA265FF3A600501E16 /* Products */,
			);
			sourceTree = "<group>";
		};
		00E04FEA265FF3A600501E16 /* Products */ = {
			isa = PBXGroup;
			children = (
				00E04FE9265FF3A600501E16 /* ContinuesIntegrationExp.app */,
				00E04FFA265FF3AB00501E16 /* ContinuesIntegrationExpTests.xctest */,
				00E05005265FF3AB00501E16 /* ContinuesIntegrationExpUITests.xctest */,
			);
			name = Products;
			sourceTree = "<group>";
		};
		00E04FEB265FF3A600501E16 /* ContinuesIntegrationExp */ = {
			isa = PBXGroup;
			children = (
				00E04FEC265FF3A600501E16 /* ContinuesIntegrationExpApp.swift */,
				00E04FEE265FF3A600501E16 /* ContentView.swift */,
				00E04FF0265FF3AB00501E16 /* Assets.xcassets */,
				00E04FF5265FF3AB00501E16 /* Info.plist */,
				00E04FF2265FF3AB00501E16 /* Preview Content */,
			);
			path = ContinuesIntegrationExp;
			sourceTree = "<group>";
		};
		00E04FF2265FF3AB00501E16 /* Preview Content */ = {
			isa = PBXGroup;
			children = (
				00E04FF3265FF3AB00501E16 /* Preview Assets.xcassets */,
			);
			path = "Preview Content";
			sourceTree = "<group>";
		};
		00E04FFD265FF3AB00501E16 /* ContinuesIntegrationExpTests */ = {
			isa = PBXGroup;
			children = (
				00E04FFE265FF3AB00501E16 /* ContinuesIntegrationExpTests.swift */,
				00E05000265FF3AB00501E16 /* Info.plist */,
			);
			path = ContinuesIntegrationExpTests;
			sourceTree = "<group>";
		};
		00E05008265FF3AB00501E16 /* ContinuesIntegrationExpUITests */ = {
			isa = PBXGroup;
			children = (
				00E05009265FF3AB00501E16 /* ContinuesIntegrationExpUITests.swift */,
				00E0500B265FF3AB00501E16 /* Info.plist */,
			);
			path = ContinuesIntegrationExpUITests;
			sourceTree = "<group>";
		};
/* End PBXGroup section */

/* Begin PBXNativeTarget section */
		00E04FE8265FF3A600501E16 /* ContinuesIntegrationExp */ = {
			isa = PBXNativeTarget;
			buildConfigurationList = 00E0500E265FF3AB00501E16 /* Build configuration list for PBXNativeTarget "ContinuesIntegrationExp" */;
			buildPhases = (
				00E04FE5265FF3A600501E16 /* Sources */,
				00E04FE6265FF3A600501E16 /* Frameworks */,
				00E04FE7265FF3A600501E16 /* Resources */,
			);
			buildRules = (
			);
			dependencies = (
			);
			name = ContinuesIntegrationExp;
			productName = ContinuesIntegrationExp;
			productReference = 00E04FE9265FF3A600501E16 /* ContinuesIntegrationExp.app */;
			productType = "com.apple.product-type.application";
		};
		00E04FF9265FF3AB00501E16 /* ContinuesIntegrationExpTests */ = {
			isa = PBXNativeTarget;
			buildConfigurationList = 00E05011265FF3AB00501E16 /* Build configuration list for PBXNativeTarget "ContinuesIntegrationExpTests" */;
			buildPhases = (
				00E04FF6265FF3AB00501E16 /* Sources */,
				00E04FF7265FF3AB00501E16 /* Frameworks */,
				00E04FF8265FF3AB00501E16 /* Resources */,
			);
			buildRules = (
			);
			dependencies = (
				00E04FFC265FF3AB00501E16 /* PBXTargetDependency */,
			);
			name = ContinuesIntegrationExpTests;
			productName = ContinuesIntegrationExpTests;
			productReference = 00E04FFA265FF3AB00501E16 /* ContinuesIntegrationExpTests.xctest */;
			productType = "com.apple.product-type.bundle.unit-test";
		};
		00E05004265FF3AB00501E16 /* ContinuesIntegrationExpUITests */ = {
			isa = PBXNativeTarget;
			buildConfigurationList = 00E05014265FF3AB00501E16 /* Build configuration list for PBXNativeTarget "ContinuesIntegrationExpUITests" */;
			buildPhases = (
				00E05001265FF3AB00501E16 /* Sources */,
				00E05002265FF3AB00501E16 /* Frameworks */,
				00E05003265FF3AB00501E16 /* Resources */,
			);
			buildRules = (
			);
			dependencies = (
				00E05007265FF3AB00501E16 /* PBXTargetDependency */,
			);
			name = ContinuesIntegrationExpUITests;
			productName = ContinuesIntegrationExpUITests;
			productReference = 00E05005265FF3AB00501E16 /* ContinuesIntegrationExpUITests.xctest */;
			productType = "com.apple.product-type.bundle.ui-testing";
		};
/* End PBXNativeTarget section */

/* Begin PBXProject section */
		00E04FE1265FF3A600501E16 /* Project object */ = {
			isa = PBXProject;
			attributes = {
				LastSwiftUpdateCheck = 1250;
				LastUpgradeCheck = 1250;
				TargetAttributes = {
					00E04FE8265FF3A600501E16 = {
						CreatedOnToolsVersion = 12.5;
					};
					00E04FF9265FF3AB00501E16 = {
						CreatedOnToolsVersion = 12.5;
						TestTargetID = 00E04FE8265FF3A600501E16;
					};
					00E05004265FF3AB00501E16 = {
						CreatedOnToolsVersion = 12.5;
						TestTargetID = 00E04FE8265FF3A600501E16;
					};
				};
			};
			buildConfigurationList = 00E04FE4265FF3A600501E16 /* Build configuration list for PBXProject "ContinuesIntegrationExp" */;
			compatibilityVersion = "Xcode 9.3";
			developmentRegion = en;
			hasScannedForEncodings = 0;
			knownRegions = (
				en,
				Base,
			);
			mainGroup = 00E04FE0265FF3A600501E16;
			productRefGroup = 00E04FEA265FF3A600501E16 /* Products */;
			projectDirPath = "";
			projectRoot = "";
			targets = (
				00E04FE8265FF3A600501E16 /* ContinuesIntegrationExp */,
				00E04FF9265FF3AB00501E16 /* ContinuesIntegrationExpTests */,
				00E05004265FF3AB00501E16 /* ContinuesIntegrationExpUITests */,
			);
		};
/* End PBXProject section */

/* Begin PBXResourcesBuildPhase section */
		00E04FE7265FF3A600501E16 /* Resources */ = {
			isa = PBXResourcesBuildPhase;
			buildActionMask = 2147483647;
			files = (
				00E04FF4265FF3AB00501E16 /* Preview Assets.xcassets in Resources */,
				00E04FF1265FF3AB00501E16 /* Assets.xcassets in Resources */,
			);
			runOnlyForDeploymentPostprocessing = 0;
		};
		00E04FF8265FF3AB00501E16 /* Resources */ = {
			isa = PBXResourcesBuildPhase;
			buildActionMask = 2147483647;
			files = (
			);
			runOnlyForDeploymentPostprocessing = 0;
		};
		00E05003265FF3AB00501E16 /* Resources */ = {
			isa = PBXResourcesBuildPhase;
			buildActionMask = 2147483647;
			files = (
			);
			runOnlyForDeploymentPostprocessing = 0;
		};
/* End PBXResourcesBuildPhase section */

/* Begin PBXSourcesBuildPhase section */
		00E04FE5265FF3A600501E16 /* Sources */ = {
			isa = PBXSourcesBuildPhase;
			buildActionMask = 2147483647;
			files = (
				00E04FEF265FF3A600501E16 /* ContentView.swift in Sources */,
				00E04FED265FF3A600501E16 /* ContinuesIntegrationExpApp.swift in Sources */,
			);
			runOnlyForDeploymentPostprocessing = 0;
		};
		00E04FF6265FF3AB00501E16 /* Sources */ = {
			isa = PBXSourcesBuildPhase;
			buildActionMask = 2147483647;
			files = (
				00E04FFF265FF3AB00501E16 /* ContinuesIntegrationExpTests.swift in Sources */,
			);
			runOnlyForDeploymentPostprocessing = 0;
		};
		00E05001265FF3AB00501E16 /* Sources */ = {
			isa = PBXSourcesBuildPhase;
			buildActionMask = 2147483647;
			files = (
				00E0500A265FF3AB00501E16 /* ContinuesIntegrationExpUITests.swift in Sources */,
			);
			runOnlyForDeploymentPostprocessing = 0;
		};
/* End PBXSourcesBuildPhase section */

/* Begin PBXTargetDependency section */
		00E04FFC265FF3AB00501E16 /* PBXTargetDependency */ = {
			isa = PBXTargetDependency;
			target = 00E04FE8265FF3A600501E16 /* ContinuesIntegrationExp */;
			targetProxy = 00E04FFB265FF3AB00501E16 /* PBXContainerItemProxy */;
		};
		00E05007265FF3AB00501E16 /* PBXTargetDependency */ = {
			isa = PBXTargetDependency;
			target = 00E04FE8265FF3A600501E16 /* ContinuesIntegrationExp */;
			targetProxy = 00E05006265FF3AB00501E16 /* PBXContainerItemProxy */;
		};
/* End PBXTargetDependency section */

/* Begin XCBuildConfiguration section */
		00E0500C265FF3AB00501E16 /* Debug */ = {
			isa = XCBuildConfiguration;
			buildSettings = {
				ALWAYS_SEARCH_USER_PATHS = NO;
				CLANG_ANALYZER_NONNULL = YES;
				CLANG_ANALYZER_NUMBER_OBJECT_CONVERSION = YES_AGGRESSIVE;
				CLANG_CXX_LANGUAGE_STANDARD = "gnu++14";
				CLANG_CXX_LIBRARY = "libc++";
				CLANG_ENABLE_MODULES = YES;
				CLANG_ENABLE_OBJC_ARC = YES;
				CLANG_ENABLE_OBJC_WEAK = YES;
				CLANG_WARN_BLOCK_CAPTURE_AUTORELEASING = YES;
				CLANG_WARN_BOOL_CONVERSION = YES;
				CLANG_WARN_COMMA = YES;
				CLANG_WARN_CONSTANT_CONVERSION = YES;
				CLANG_WARN_DEPRECATED_OBJC_IMPLEMENTATIONS = YES;
				CLANG_WARN_DIRECT_OBJC_ISA_USAGE = YES_ERROR;
				CLANG_WARN_DOCUMENTATION_COMMENTS = YES;
				CLANG_WARN_EMPTY_BODY = YES;
				CLANG_WARN_ENUM_CONVERSION = YES;
				CLANG_WARN_INFINITE_RECURSION = YES;
				CLANG_WARN_INT_CONVERSION = YES;
				CLANG_WARN_NON_LITERAL_NULL_CONVERSION = YES;
				CLANG_WARN_OBJC_IMPLICIT_RETAIN_SELF = YES;
				CLANG_WARN_OBJC_LITERAL_CONVERSION = YES;
				CLANG_WARN_OBJC_ROOT_CLASS = YES_ERROR;
				CLANG_WARN_QUOTED_INCLUDE_IN_FRAMEWORK_HEADER = YES;
				CLANG_WARN_RANGE_LOOP_ANALYSIS = YES;
				CLANG_WARN_STRICT_PROTOTYPES = YES;
				CLANG_WARN_SUSPICIOUS_MOVE = YES;
				CLANG_WARN_UNGUARDED_AVAILABILITY = YES_AGGRESSIVE;
				CLANG_WARN_UNREACHABLE_CODE = YES;
				CLANG_WARN__DUPLICATE_METHOD_MATCH = YES;
				COPY_PHASE_STRIP = NO;
				DEBUG_INFORMATION_FORMAT = dwarf;
				ENABLE_STRICT_OBJC_MSGSEND = YES;
				ENABLE_TESTABILITY = YES;
				GCC_C_LANGUAGE_STANDARD = gnu11;
				GCC_DYNAMIC_NO_PIC = NO;
				GCC_NO_COMMON_BLOCKS = YES;
				GCC_OPTIMIZATION_LEVEL = 0;
				GCC_PREPROCESSOR_DEFINITIONS = (
					"DEBUG=1",
					"$(inherited)",
				);
				GCC_WARN_64_TO_32_BIT_CONVERSION = YES;
				GCC_WARN_ABOUT_RETURN_TYPE = YES_ERROR;
				GCC_WARN_UNDECLARED_SELECTOR = YES;
				GCC_WARN_UNINITIALIZED_AUTOS = YES_AGGRESSIVE;
				GCC_WARN_UNUSED_FUNCTION = YES;
				GCC_WARN_UNUSED_VARIABLE = YES;
				IPHONEOS_DEPLOYMENT_TARGET = 14.5;
				MTL_ENABLE_DEBUG_INFO = INCLUDE_SOURCE;
				MTL_FAST_MATH = YES;
				ONLY_ACTIVE_ARCH = YES;
				SDKROOT = iphoneos;
				SWIFT_ACTIVE_COMPILATION_CONDITIONS = DEBUG;
				SWIFT_OPTIMIZATION_LEVEL = "-Onone";
			};
			name = Debug;
		};
		00E0500D265FF3AB00501E16 /* Release */ = {
			isa = XCBuildConfiguration;
			buildSettings = {
				ALWAYS_SEARCH_USER_PATHS = NO;
				CLANG_ANALYZER_NONNULL = YES;
				CLANG_ANALYZER_NUMBER_OBJECT_CONVERSION = YES_AGGRESSIVE;
				CLANG_CXX_LANGUAGE_STANDARD = "gnu++14";
				CLANG_CXX_LIBRARY = "libc++";
				CLANG_ENABLE_MODULES = YES;
				CLANG_ENABLE_OBJC_ARC = YES;
				CLANG_ENABLE_OBJC_WEAK = YES;
				CLANG_WARN_BLOCK_CAPTURE_AUTORELEASING = YES;
				CLANG_WARN_BOOL_CONVERSION = YES;
				CLANG_WARN_COMMA = YES;
				CLANG_WARN_CONSTANT_CONVERSION = YES;
				CLANG_WARN_DEPRECATED_OBJC_IMPLEMENTATIONS = YES;
				CLANG_WARN_DIRECT_OBJC_ISA_USAGE = YES_ERROR;
				CLANG_WARN_DOCUMENTATION_COMMENTS = YES;
				CLANG_WARN_EMPTY_BODY = YES;
				CLANG_WARN_ENUM_CONVERSION = YES;
				CLANG_WARN_INFINITE_RECURSION = YES;
				CLANG_WARN_INT_CONVERSION = YES;
				CLANG_WARN_NON_LITERAL_NULL_CONVERSION = YES;
				CLANG_WARN_OBJC_IMPLICIT_RETAIN_SELF = YES;
				CLANG_WARN_OBJC_LITERAL_CONVERSION = YES;
				CLANG_WARN_OBJC_ROOT_CLASS = YES_ERROR;
				CLANG_WARN_QUOTED_INCLUDE_IN_FRAMEWORK_HEADER = YES;
				CLANG_WARN_RANGE_LOOP_ANALYSIS = YES;
				CLANG_WARN_STRICT_PROTOTYPES = YES;
				CLANG_WARN_SUSPICIOUS_MOVE = YES;
				CLANG_WARN_UNGUARDED_AVAILABILITY = YES_AGGRESSIVE;
				CLANG_WARN_UNREACHABLE_CODE = YES;
				CLANG_WARN__DUPLICATE_METHOD_MATCH = YES;
				COPY_PHASE_STRIP = NO;
				DEBUG_INFORMATION_FORMAT = "dwarf-with-dsym";
				ENABLE_NS_ASSERTIONS = NO;
				ENABLE_STRICT_OBJC_MSGSEND = YES;
				GCC_C_LANGUAGE_STANDARD = gnu11;
				GCC_NO_COMMON_BLOCKS = YES;
				GCC_WARN_64_TO_32_BIT_CONVERSION = YES;
				GCC_WARN_ABOUT_RETURN_TYPE = YES_ERROR;
				GCC_WARN_UNDECLARED_SELECTOR = YES;
				GCC_WARN_UNINITIALIZED_AUTOS = YES_AGGRESSIVE;
				GCC_WARN_UNUSED_FUNCTION = YES;
				GCC_WARN_UNUSED_VARIABLE = YES;
				IPHONEOS_DEPLOYMENT_TARGET = 14.5;
				MTL_ENABLE_DEBUG_INFO = NO;
				MTL_FAST_MATH = YES;
				SDKROOT = iphoneos;
				SWIFT_COMPILATION_MODE = wholemodule;
				SWIFT_OPTIMIZATION_LEVEL = "-O";
				VALIDATE_PRODUCT = YES;
			};
			name = Release;
		};
		00E0500F265FF3AB00501E16 /* Debug */ = {
			isa = XCBuildConfiguration;
			buildSettings = {
				ASSETCATALOG_COMPILER_APPICON_NAME = AppIcon;
				ASSETCATALOG_COMPILER_GLOBAL_ACCENT_COLOR_NAME = AccentColor;
				CODE_SIGN_STYLE = Automatic;
				DEVELOPMENT_ASSET_PATHS = "\"ContinuesIntegrationExp/Preview Content\"";
				DEVELOPMENT_TEAM = 2ZJ688X839;
				ENABLE_PREVIEWS = YES;
				INFOPLIST_FILE = ContinuesIntegrationExp/Info.plist;
				IPHONEOS_DEPLOYMENT_TARGET = 14.0;
				LD_RUNPATH_SEARCH_PATHS = (
					"$(inherited)",
					"@executable_path/Frameworks",
				);
				PRODUCT_BUNDLE_IDENTIFIER = com.philips.ContinuesIntegrationExp;
				PRODUCT_NAME = "$(TARGET_NAME)";
				SWIFT_VERSION = 5.0;
				TARGETED_DEVICE_FAMILY = "1,2";
			};
			name = Debug;
		};
		00E05010265FF3AB00501E16 /* Release */ = {
			isa = XCBuildConfiguration;
			buildSettings = {
				ASSETCATALOG_COMPILER_APPICON_NAME = AppIcon;
				ASSETCATALOG_COMPILER_GLOBAL_ACCENT_COLOR_NAME = AccentColor;
				CODE_SIGN_STYLE = Automatic;
				DEVELOPMENT_ASSET_PATHS = "\"ContinuesIntegrationExp/Preview Content\"";
				DEVELOPMENT_TEAM = 2ZJ688X839;
				ENABLE_PREVIEWS = YES;
				INFOPLIST_FILE = ContinuesIntegrationExp/Info.plist;
				IPHONEOS_DEPLOYMENT_TARGET = 14.0;
				LD_RUNPATH_SEARCH_PATHS = (
					"$(inherited)",
					"@executable_path/Frameworks",
				);
				PRODUCT_BUNDLE_IDENTIFIER = com.philips.ContinuesIntegrationExp;
				PRODUCT_NAME = "$(TARGET_NAME)";
				SWIFT_VERSION = 5.0;
				TARGETED_DEVICE_FAMILY = "1,2";
			};
			name = Release;
		};
		00E05012265FF3AB00501E16 /* Debug */ = {
			isa = XCBuildConfiguration;
			buildSettings = {
				ALWAYS_EMBED_SWIFT_STANDARD_LIBRARIES = YES;
				BUNDLE_LOADER = "$(TEST_HOST)";
				CODE_SIGN_STYLE = Automatic;
				DEVELOPMENT_TEAM = 2ZJ688X839;
				INFOPLIST_FILE = ContinuesIntegrationExpTests/Info.plist;
				IPHONEOS_DEPLOYMENT_TARGET = 14.0;
				LD_RUNPATH_SEARCH_PATHS = (
					"$(inherited)",
					"@executable_path/Frameworks",
					"@loader_path/Frameworks",
				);
				PRODUCT_BUNDLE_IDENTIFIER = com.philips.ContinuesIntegrationExpTests;
				PRODUCT_NAME = "$(TARGET_NAME)";
				SWIFT_VERSION = 5.0;
				TARGETED_DEVICE_FAMILY = "1,2";
				TEST_HOST = "$(BUILT_PRODUCTS_DIR)/ContinuesIntegrationExp.app/ContinuesIntegrationExp";
			};
			name = Debug;
		};
		00E05013265FF3AB00501E16 /* Release */ = {
			isa = XCBuildConfiguration;
			buildSettings = {
				ALWAYS_EMBED_SWIFT_STANDARD_LIBRARIES = YES;
				BUNDLE_LOADER = "$(TEST_HOST)";
				CODE_SIGN_STYLE = Automatic;
				DEVELOPMENT_TEAM = 2ZJ688X839;
				INFOPLIST_FILE = ContinuesIntegrationExpTests/Info.plist;
				IPHONEOS_DEPLOYMENT_TARGET = 14.0;
				LD_RUNPATH_SEARCH_PATHS = (
					"$(inherited)",
					"@executable_path/Frameworks",
					"@loader_path/Frameworks",
				);
				PRODUCT_BUNDLE_IDENTIFIER = com.philips.ContinuesIntegrationExpTests;
				PRODUCT_NAME = "$(TARGET_NAME)";
				SWIFT_VERSION = 5.0;
				TARGETED_DEVICE_FAMILY = "1,2";
				TEST_HOST = "$(BUILT_PRODUCTS_DIR)/ContinuesIntegrationExp.app/ContinuesIntegrationExp";
			};
			name = Release;
		};
		00E05015265FF3AB00501E16 /* Debug */ = {
			isa = XCBuildConfiguration;
			buildSettings = {
				ALWAYS_EMBED_SWIFT_STANDARD_LIBRARIES = YES;
				CODE_SIGN_STYLE = Automatic;
				DEVELOPMENT_TEAM = 2ZJ688X839;
				INFOPLIST_FILE = ContinuesIntegrationExpUITests/Info.plist;
				LD_RUNPATH_SEARCH_PATHS = (
					"$(inherited)",
					"@executable_path/Frameworks",
					"@loader_path/Frameworks",
				);
				PRODUCT_BUNDLE_IDENTIFIER = com.philips.ContinuesIntegrationExpUITests;
				PRODUCT_NAME = "$(TARGET_NAME)";
				SWIFT_VERSION = 5.0;
				TARGETED_DEVICE_FAMILY = "1,2";
				TEST_TARGET_NAME = ContinuesIntegrationExp;
			};
			name = Debug;
		};
		00E05016265FF3AB00501E16 /* Release */ = {
			isa = XCBuildConfiguration;
			buildSettings = {
				ALWAYS_EMBED_SWIFT_STANDARD_LIBRARIES = YES;
				CODE_SIGN_STYLE = Automatic;
				DEVELOPMENT_TEAM = 2ZJ688X839;
				INFOPLIST_FILE = ContinuesIntegrationExpUITests/Info.plist;
				LD_RUNPATH_SEARCH_PATHS = (
					"$(inherited)",
					"@executable_path/Frameworks",
					"@loader_path/Frameworks",
				);
				PRODUCT_BUNDLE_IDENTIFIER = com.philips.ContinuesIntegrationExpUITests;
				PRODUCT_NAME = "$(TARGET_NAME)";
				SWIFT_VERSION = 5.0;
				TARGETED_DEVICE_FAMILY = "1,2";
				TEST_TARGET_NAME = ContinuesIntegrationExp;
			};
			name = Release;
		};
/* End XCBuildConfiguration section */

/* Begin XCConfigurationList section */
		00E04FE4265FF3A600501E16 /* Build configuration list for PBXProject "ContinuesIntegrationExp" */ = {
			isa = XCConfigurationList;
			buildConfigurations = (
				00E0500C265FF3AB00501E16 /* Debug */,
				00E0500D265FF3AB00501E16 /* Release */,
			);
			defaultConfigurationIsVisible = 0;
			defaultConfigurationName = Release;
		};
		00E0500E265FF3AB00501E16 /* Build configuration list for PBXNativeTarget "ContinuesIntegrationExp" */ = {
			isa = XCConfigurationList;
			buildConfigurations = (
				00E0500F265FF3AB00501E16 /* Debug */,
				00E05010265FF3AB00501E16 /* Release */,
			);
			defaultConfigurationIsVisible = 0;
			defaultConfigurationName = Release;
		};
		00E05011265FF3AB00501E16 /* Build configuration list for PBXNativeTarget "ContinuesIntegrationExpTests" */ = {
			isa = XCConfigurationList;
			buildConfigurations = (
				00E05012265FF3AB00501E16 /* Debug */,
				00E05013265FF3AB00501E16 /* Release */,
			);
			defaultConfigurationIsVisible = 0;
			defaultConfigurationName = Release;
		};
		00E05014265FF3AB00501E16 /* Build configuration list for PBXNativeTarget "ContinuesIntegrationExpUITests" */ = {
			isa = XCConfigurationList;
			buildConfigurations = (
				00E05015265FF3AB00501E16 /* Debug */,
				00E05016265FF3AB00501E16 /* Release */,
			);
			defaultConfigurationIsVisible = 0;
			defaultConfigurationName = Release;
		};
/* End XCConfigurationList section */
	};
	rootObject = 00E04FE1265FF3A600501E16 /* Project object */;
}
